
Microsoft Visual Studio Solution File, Format Version 12.00
# Visual Studio Version 17
VisualStudioVersion = 17.4.33403.182
MinimumVisualStudioVersion = 10.0.40219.1
Project("{FAE04EC0-301F-11D3-BF4B-00C04F79EFBC}") = "HW15DemoCLR", "HW15DemoCLR.csproj", "{EC685318-8C3E-4725-B14C-05BA3E3D4BEA}"
EndProject
Global
	GlobalSection(SolutionConfigurationPlatforms) = preSolution
		Debug|Any CPU = Debug|Any CPU
		Release|Any CPU = Release|Any CPU
	EndGlobalSection
	GlobalSection(ProjectConfigurationPlatforms) = postSolution
		{EC685318-8C3E-4725-B14C-05BA3E3D4BEA}.Debug|Any CPU.ActiveCfg = Debug|Any CPU
		{EC685318-8C3E-4725-B14C-05BA3E3D4BEA}.Debug|Any CPU.Build.0 = Debug|Any CPU
		{EC685318-8C3E-4725-B14C-05BA3E3D4BEA}.Release|Any CPU.ActiveCfg = Release|Any CPU
		{EC685318-8C3E-4725-B14C-05BA3E3D4BEA}.Release|Any CPU.Build.0 = Release|Any CPU
	EndGlobalSection
	GlobalSection(SolutionProperties) = preSolution
		HideSolutionNode = FALSE
	EndGlobalSection
	GlobalSection(ExtensibilityGlobals) = postSolution
		SolutionGuid = {0187DDDD-F55B-45EE-917A-128D7F1ED628}
	EndGlobalSection
EndGlobal
